// !$*UTF8*$!
{
	archiveVersion = 1;
	classes = {
	};
	objectVersion = 77;
	objects = {

/* Begin PBXBuildFile section */
		1895D12C2E8E95F500189A0D /* Localizable.strings in Resources */ = {isa = PBXBuildFile; fileRef = 1895D12A2E8E95F500189A0D /* Localizable.strings */; };
/* End PBXBuildFile section */

/* Begin PBXContainerItemProxy section */
		181AC5E82E8CE41E006F60EC /* PBXContainerItemProxy */ = {
			isa = PBXContainerItemProxy;
			containerPortal = 181AC5D22E8CE41C006F60EC /* Project object */;
			proxyType = 1;
			remoteGlobalIDString = 181AC5D92E8CE41C006F60EC;
			remoteInfo = "EasyCheck App";
		};
		181AC5F22E8CE41E006F60EC /* PBXContainerItemProxy */ = {
			isa = PBXContainerItemProxy;
			containerPortal = 181AC5D22E8CE41C006F60EC /* Project object */;
			proxyType = 1;
			remoteGlobalIDString = 181AC5D92E8CE41C006F60EC;
			remoteInfo = "EasyCheck App";
		};
/* End PBXContainerItemProxy section */

/* Begin PBXFileReference section */
		181AC5DA2E8CE41C006F60EC /* RDA.app */ = {isa = PBXFileReference; explicitFileType = wrapper.application; includeInIndex = 0; path = RDA.app; sourceTree = BUILT_PRODUCTS_DIR; };
		181AC5E72E8CE41E006F60EC /* RDATests.xctest */ = {isa = PBXFileReference; explicitFileType = wrapper.cfbundle; includeInIndex = 0; path = RDATests.xctest; sourceTree = BUILT_PRODUCTS_DIR; };
		181AC5F12E8CE41E006F60EC /* RDAUITests.xctest */ = {isa = PBXFileReference; explicitFileType = wrapper.cfbundle; includeInIndex = 0; path = RDAUITests.xctest; sourceTree = BUILT_PRODUCTS_DIR; };
		1895D12B2E8E95F500189A0D /* en */ = {isa = PBXFileReference; lastKnownFileType = text.plist.strings; name = en; path = en.lproj/Localizable.strings; sourceTree = "<group>"; };
		1895D12D2E8E962A00189A0D /* ko */ = {isa = PBXFileReference; lastKnownFileType = text.plist.strings; name = ko; path = ko.lproj/Localizable.strings; sourceTree = "<group>"; };
		1895D12E2E8E968400189A0D /* km-KH */ = {isa = PBXFileReference; lastKnownFileType = text.plist.strings; name = "km-KH"; path = "km-KH.lproj/Localizable.strings"; sourceTree = "<group>"; };
/* End PBXFileReference section */

/* Begin PBXFileSystemSynchronizedRootGroup section */
		181AC5DC2E8CE41C006F60EC /* RDA */ = {
			isa = PBXFileSystemSynchronizedRootGroup;
			path = RDA;
			sourceTree = "<group>";
		};
		181AC5EA2E8CE41E006F60EC /* EasyCheck AppTests */ = {
			isa = PBXFileSystemSynchronizedRootGroup;
			path = "EasyCheck AppTests";
			sourceTree = "<group>";
		};
		181AC5F42E8CE41E006F60EC /* EasyCheck AppUITests */ = {
			isa = PBXFileSystemSynchronizedRootGroup;
			path = "EasyCheck AppUITests";
			sourceTree = "<group>";
		};
/* End PBXFileSystemSynchronizedRootGroup section */

/* Begin PBXFrameworksBuildPhase section */
		181AC5D72E8CE41C006F60EC /* Frameworks */ = {
			isa = PBXFrameworksBuildPhase;
			buildActionMask = 2147483647;
			files = (
			);
			runOnlyForDeploymentPostprocessing = 0;
		};
		181AC5E42E8CE41E006F60EC /* Frameworks */ = {
			isa = PBXFrameworksBuildPhase;
			buildActionMask = 2147483647;
			files = (
			);
			runOnlyForDeploymentPostprocessing = 0;
		};
		181AC5EE2E8CE41E006F60EC /* Frameworks */ = {
			isa = PBXFrameworksBuildPhase;
			buildActionMask = 2147483647;
			files = (
			);
			runOnlyForDeploymentPostprocessing = 0;
		};
/* End PBXFrameworksBuildPhase section */

/* Begin PBXGroup section */
		181AC5D12E8CE41C006F60EC = {
			isa = PBXGroup;
			children = (
				1895D12A2E8E95F500189A0D /* Localizable.strings */,
				181AC5DC2E8CE41C006F60EC /* RDA */,
				181AC5EA2E8CE41E006F60EC /* EasyCheck AppTests */,
				181AC5F42E8CE41E006F60EC /* EasyCheck AppUITests */,
				181AC5DB2E8CE41C006F60EC /* Products */,
			);
			sourceTree = "<group>";
		};
		181AC5DB2E8CE41C006F60EC /* Products */ = {
			isa = PBXGroup;
			children = (
				181AC5DA2E8CE41C006F60EC /* RDA.app */,
				181AC5E72E8CE41E006F60EC /* RDATests.xctest */,
				181AC5F12E8CE41E006F60EC /* RDAUITests.xctest */,
			);
			name = Products;
			sourceTree = "<group>";
		};
/* End PBXGroup section */

/* Begin PBXNativeTarget section */
		181AC5D92E8CE41C006F60EC /* RDA */ = {
			isa = PBXNativeTarget;
			buildConfigurationList = 181AC5FB2E8CE41E006F60EC /* Build configuration list for PBXNativeTarget "RDA" */;
			buildPhases = (
				181AC5D62E8CE41C006F60EC /* Sources */,
				181AC5D72E8CE41C006F60EC /* Frameworks */,
				181AC5D82E8CE41C006F60EC /* Resources */,
			);
			buildRules = (
			);
			dependencies = (
			);
			fileSystemSynchronizedGroups = (
				181AC5DC2E8CE41C006F60EC /* RDA */,
			);
			name = RDA;
			packageProductDependencies = (
			);
			productName = "EasyCheck App";
			productReference = 181AC5DA2E8CE41C006F60EC /* RDA.app */;
			productType = "com.apple.product-type.application";
		};
		181AC5E62E8CE41E006F60EC /* RDATests */ = {
			isa = PBXNativeTarget;
			buildConfigurationList = 181AC5FE2E8CE41E006F60EC /* Build configuration list for PBXNativeTarget "RDATests" */;
			buildPhases = (
				181AC5E32E8CE41E006F60EC /* Sources */,
				181AC5E42E8CE41E006F60EC /* Frameworks */,
				181AC5E52E8CE41E006F60EC /* Resources */,
			);
			buildRules = (
			);
			dependencies = (
				181AC5E92E8CE41E006F60EC /* PBXTargetDependency */,
			);
			fileSystemSynchronizedGroups = (
				181AC5EA2E8CE41E006F60EC /* EasyCheck AppTests */,
			);
			name = RDATests;
			packageProductDependencies = (
			);
			productName = "EasyCheck AppTests";
			productReference = 181AC5E72E8CE41E006F60EC /* RDATests.xctest */;
			productType = "com.apple.product-type.bundle.unit-test";
		};
		181AC5F02E8CE41E006F60EC /* RDAUITests */ = {
			isa = PBXNativeTarget;
			buildConfigurationList = 181AC6012E8CE41E006F60EC /* Build configuration list for PBXNativeTarget "RDAUITests" */;
			buildPhases = (
				181AC5ED2E8CE41E006F60EC /* Sources */,
				181AC5EE2E8CE41E006F60EC /* Frameworks */,
				181AC5EF2E8CE41E006F60EC /* Resources */,
			);
			buildRules = (
			);
			dependencies = (
				181AC5F32E8CE41E006F60EC /* PBXTargetDependency */,
			);
			fileSystemSynchronizedGroups = (
				181AC5F42E8CE41E006F60EC /* EasyCheck AppUITests */,
			);
			name = RDAUITests;
			packageProductDependencies = (
			);
			productName = "EasyCheck AppUITests";
			productReference = 181AC5F12E8CE41E006F60EC /* RDAUITests.xctest */;
			productType = "com.apple.product-type.bundle.ui-testing";
		};
/* End PBXNativeTarget section */

/* Begin PBXProject section */
		181AC5D22E8CE41C006F60EC /* Project object */ = {
			isa = PBXProject;
			attributes = {
				BuildIndependentTargetsInParallel = 1;
				LastSwiftUpdateCheck = 1640;
				LastUpgradeCheck = 2600;
				TargetAttributes = {
					181AC5D92E8CE41C006F60EC = {
						CreatedOnToolsVersion = 16.4;
					};
					181AC5E62E8CE41E006F60EC = {
						CreatedOnToolsVersion = 16.4;
						TestTargetID = 181AC5D92E8CE41C006F60EC;
					};
					181AC5F02E8CE41E006F60EC = {
						CreatedOnToolsVersion = 16.4;
						TestTargetID = 181AC5D92E8CE41C006F60EC;
					};
				};
			};
			buildConfigurationList = 181AC5D52E8CE41C006F60EC /* Build configuration list for PBXProject "RDA" */;
			developmentRegion = en;
			hasScannedForEncodings = 0;
			knownRegions = (
				en,
				Base,
				ko,
				"km-KH",
			);
			mainGroup = 181AC5D12E8CE41C006F60EC;
			minimizedProjectReferenceProxies = 1;
			packageReferences = (
			);
			preferredProjectObjectVersion = 77;
			productRefGroup = 181AC5DB2E8CE41C006F60EC /* Products */;
			projectDirPath = "";
			projectRoot = "";
			targets = (
				181AC5D92E8CE41C006F60EC /* RDA */,
				181AC5E62E8CE41E006F60EC /* RDATests */,
				181AC5F02E8CE41E006F60EC /* RDAUITests */,
			);
		};
/* End PBXProject section */

/* Begin PBXResourcesBuildPhase section */
		181AC5D82E8CE41C006F60EC /* Resources */ = {
			isa = PBXResourcesBuildPhase;
			buildActionMask = 2147483647;
			files = (
				1895D12C2E8E95F500189A0D /* Localizable.strings in Resources */,
			);
			runOnlyForDeploymentPostprocessing = 0;
		};
		181AC5E52E8CE41E006F60EC /* Resources */ = {
			isa = PBXResourcesBuildPhase;
			buildActionMask = 2147483647;
			files = (
			);
			runOnlyForDeploymentPostprocessing = 0;
		};
		181AC5EF2E8CE41E006F60EC /* Resources */ = {
			isa = PBXResourcesBuildPhase;
			buildActionMask = 2147483647;
			files = (
			);
			runOnlyForDeploymentPostprocessing = 0;
		};
/* End PBXResourcesBuildPhase section */

/* Begin PBXSourcesBuildPhase section */
		181AC5D62E8CE41C006F60EC /* Sources */ = {
			isa = PBXSourcesBuildPhase;
			buildActionMask = 2147483647;
			files = (
			);
			runOnlyForDeploymentPostprocessing = 0;
		};
		181AC5E32E8CE41E006F60EC /* Sources */ = {
			isa = PBXSourcesBuildPhase;
			buildActionMask = 2147483647;
			files = (
			);
			runOnlyForDeploymentPostprocessing = 0;
		};
		181AC5ED2E8CE41E006F60EC /* Sources */ = {
			isa = PBXSourcesBuildPhase;
			buildActionMask = 2147483647;
			files = (
			);
			runOnlyForDeploymentPostprocessing = 0;
		};
/* End PBXSourcesBuildPhase section */

/* Begin PBXTargetDependency section */
		181AC5E92E8CE41E006F60EC /* PBXTargetDependency */ = {
			isa = PBXTargetDependency;
			target = 181AC5D92E8CE41C006F60EC /* RDA */;
			targetProxy = 181AC5E82E8CE41E006F60EC /* PBXContainerItemProxy */;
		};
		181AC5F32E8CE41E006F60EC /* PBXTargetDependency */ = {
			isa = PBXTargetDependency;
			target = 181AC5D92E8CE41C006F60EC /* RDA */;
			targetProxy = 181AC5F22E8CE41E006F60EC /* PBXContainerItemProxy */;
		};
/* End PBXTargetDependency section */

/* Begin PBXVariantGroup section */
		1895D12A2E8E95F500189A0D /* Localizable.strings */ = {
			isa = PBXVariantGroup;
			children = (
				1895D12B2E8E95F500189A0D /* en */,
				1895D12D2E8E962A00189A0D /* ko */,
				1895D12E2E8E968400189A0D /* km-KH */,
			);
			name = Localizable.strings;
			sourceTree = "<group>";
		};
/* End PBXVariantGroup section */

/* Begin XCBuildConfiguration section */
		181AC5F92E8CE41E006F60EC /* Debug */ = {
			isa = XCBuildConfiguration;
			buildSettings = {
				ALWAYS_SEARCH_USER_PATHS = NO;
				ASSETCATALOG_COMPILER_GENERATE_SWIFT_ASSET_SYMBOL_EXTENSIONS = YES;
				CLANG_ANALYZER_LOCALIZABILITY_NONLOCALIZED = YES;
				CLANG_ANALYZER_NONNULL = YES;
				CLANG_ANALYZER_NUMBER_OBJECT_CONVERSION = YES_AGGRESSIVE;
				CLANG_CXX_LANGUAGE_STANDARD = "gnu++20";
				CLANG_ENABLE_MODULES = YES;
				CLANG_ENABLE_OBJC_ARC = YES;
				CLANG_ENABLE_OBJC_WEAK = YES;
				CLANG_WARN_BLOCK_CAPTURE_AUTORELEASING = YES;
				CLANG_WARN_BOOL_CONVERSION = YES;
				CLANG_WARN_COMMA = YES;
				CLANG_WARN_CONSTANT_CONVERSION = YES;
				CLANG_WARN_DEPRECATED_OBJC_IMPLEMENTATIONS = YES;
				CLANG_WARN_DIRECT_OBJC_ISA_USAGE = YES_ERROR;
				CLANG_WARN_DOCUMENTATION_COMMENTS = YES;
				CLANG_WARN_EMPTY_BODY = YES;
				CLANG_WARN_ENUM_CONVERSION = YES;
				CLANG_WARN_INFINITE_RECURSION = YES;
				CLANG_WARN_INT_CONVERSION = YES;
				CLANG_WARN_NON_LITERAL_NULL_CONVERSION = YES;
				CLANG_WARN_OBJC_IMPLICIT_RETAIN_SELF = YES;
				CLANG_WARN_OBJC_LITERAL_CONVERSION = YES;
				CLANG_WARN_OBJC_ROOT_CLASS = YES_ERROR;
				CLANG_WARN_QUOTED_INCLUDE_IN_FRAMEWORK_HEADER = YES;
				CLANG_WARN_RANGE_LOOP_ANALYSIS = YES;
				CLANG_WARN_STRICT_PROTOTYPES = YES;
				CLANG_WARN_SUSPICIOUS_MOVE = YES;
				CLANG_WARN_UNGUARDED_AVAILABILITY = YES_AGGRESSIVE;
				CLANG_WARN_UNREACHABLE_CODE = YES;
				CLANG_WARN__DUPLICATE_METHOD_MATCH = YES;
				COPY_PHASE_STRIP = NO;
				DEBUG_INFORMATION_FORMAT = dwarf;
				DEVELOPMENT_TEAM = M2X26DUJR5;
				ENABLE_STRICT_OBJC_MSGSEND = YES;
				ENABLE_TESTABILITY = YES;
				ENABLE_USER_SCRIPT_SANDBOXING = YES;
				GCC_C_LANGUAGE_STANDARD = gnu17;
				GCC_DYNAMIC_NO_PIC = NO;
				GCC_NO_COMMON_BLOCKS = YES;
				GCC_OPTIMIZATION_LEVEL = 0;
				GCC_PREPROCESSOR_DEFINITIONS = (
					"DEBUG=1",
					"$(inherited)",
				);
				GCC_WARN_64_TO_32_BIT_CONVERSION = YES;
				GCC_WARN_ABOUT_RETURN_TYPE = YES_ERROR;
				GCC_WARN_UNDECLARED_SELECTOR = YES;
				GCC_WARN_UNINITIALIZED_AUTOS = YES_AGGRESSIVE;
				GCC_WARN_UNUSED_FUNCTION = YES;
				GCC_WARN_UNUSED_VARIABLE = YES;
				IPHONEOS_DEPLOYMENT_TARGET = 18.5;
				LOCALIZATION_PREFERS_STRING_CATALOGS = YES;
				MTL_ENABLE_DEBUG_INFO = INCLUDE_SOURCE;
				MTL_FAST_MATH = YES;
				ONLY_ACTIVE_ARCH = YES;
				SDKROOT = iphoneos;
				STRING_CATALOG_GENERATE_SYMBOLS = YES;
				SWIFT_ACTIVE_COMPILATION_CONDITIONS = "DEBUG $(inherited)";
				SWIFT_OPTIMIZATION_LEVEL = "-Onone";
			};
			name = Debug;
		};
		181AC5FA2E8CE41E006F60EC /* Release */ = {
			isa = XCBuildConfiguration;
			buildSettings = {
				ALWAYS_SEARCH_USER_PATHS = NO;
				ASSETCATALOG_COMPILER_GENERATE_SWIFT_ASSET_SYMBOL_EXTENSIONS = YES;
				CLANG_ANALYZER_LOCALIZABILITY_NONLOCALIZED = YES;
				CLANG_ANALYZER_NONNULL = YES;
				CLANG_ANALYZER_NUMBER_OBJECT_CONVERSION = YES_AGGRESSIVE;
				CLANG_CXX_LANGUAGE_STANDARD = "gnu++20";
				CLANG_ENABLE_MODULES = YES;
				CLANG_ENABLE_OBJC_ARC = YES;
				CLANG_ENABLE_OBJC_WEAK = YES;
				CLANG_WARN_BLOCK_CAPTURE_AUTORELEASING = YES;
				CLANG_WARN_BOOL_CONVERSION = YES;
				CLANG_WARN_COMMA = YES;
				CLANG_WARN_CONSTANT_CONVERSION = YES;
				CLANG_WARN_DEPRECATED_OBJC_IMPLEMENTATIONS = YES;
				CLANG_WARN_DIRECT_OBJC_ISA_USAGE = YES_ERROR;
				CLANG_WARN_DOCUMENTATION_COMMENTS = YES;
				CLANG_WARN_EMPTY_BODY = YES;
				CLANG_WARN_ENUM_CONVERSION = YES;
				CLANG_WARN_INFINITE_RECURSION = YES;
				CLANG_WARN_INT_CONVERSION = YES;
				CLANG_WARN_NON_LITERAL_NULL_CONVERSION = YES;
				CLANG_WARN_OBJC_IMPLICIT_RETAIN_SELF = YES;
				CLANG_WARN_OBJC_LITERAL_CONVERSION = YES;
				CLANG_WARN_OBJC_ROOT_CLASS = YES_ERROR;
				CLANG_WARN_QUOTED_INCLUDE_IN_FRAMEWORK_HEADER = YES;
				CLANG_WARN_RANGE_LOOP_ANALYSIS = YES;
				CLANG_WARN_STRICT_PROTOTYPES = YES;
				CLANG_WARN_SUSPICIOUS_MOVE = YES;
				CLANG_WARN_UNGUARDED_AVAILABILITY = YES_AGGRESSIVE;
				CLANG_WARN_UNREACHABLE_CODE = YES;
				CLANG_WARN__DUPLICATE_METHOD_MATCH = YES;
				COPY_PHASE_STRIP = NO;
				DEBUG_INFORMATION_FORMAT = "dwarf-with-dsym";
				DEVELOPMENT_TEAM = M2X26DUJR5;
				ENABLE_NS_ASSERTIONS = NO;
				ENABLE_STRICT_OBJC_MSGSEND = YES;
				ENABLE_USER_SCRIPT_SANDBOXING = YES;
				GCC_C_LANGUAGE_STANDARD = gnu17;
				GCC_NO_COMMON_BLOCKS = YES;
				GCC_WARN_64_TO_32_BIT_CONVERSION = YES;
				GCC_WARN_ABOUT_RETURN_TYPE = YES_ERROR;
				GCC_WARN_UNDECLARED_SELECTOR = YES;
				GCC_WARN_UNINITIALIZED_AUTOS = YES_AGGRESSIVE;
				GCC_WARN_UNUSED_FUNCTION = YES;
				GCC_WARN_UNUSED_VARIABLE = YES;
				IPHONEOS_DEPLOYMENT_TARGET = 18.5;
				LOCALIZATION_PREFERS_STRING_CATALOGS = YES;
				MTL_ENABLE_DEBUG_INFO = NO;
				MTL_FAST_MATH = YES;
				SDKROOT = iphoneos;
				STRING_CATALOG_GENERATE_SYMBOLS = YES;
				SWIFT_COMPILATION_MODE = wholemodule;
				VALIDATE_PRODUCT = YES;
			};
			name = Release;
		};
		181AC5FC2E8CE41E006F60EC /* Debug */ = {
			isa = XCBuildConfiguration;
			buildSettings = {
				ASSETCATALOG_COMPILER_APPICON_NAME = AppIcon;
				ASSETCATALOG_COMPILER_GLOBAL_ACCENT_COLOR_NAME = AccentColor;
				CODE_SIGN_STYLE = Automatic;
				CURRENT_PROJECT_VERSION = 1;
				DEVELOPMENT_TEAM = M2X26DUJR5;
				ENABLE_PREVIEWS = YES;
				GENERATE_INFOPLIST_FILE = YES;
				INFOPLIST_FILE = "EasyCheck-App-Info.plist";
				INFOPLIST_KEY_CFBundleDisplayName = "RDA APP";
				INFOPLIST_KEY_LSApplicationCategoryType = "";
				INFOPLIST_KEY_NSFaceIDUsageDescription = "You need to scan using FaceID";
				INFOPLIST_KEY_UIApplicationSceneManifest_Generation = YES;
				INFOPLIST_KEY_UIApplicationSupportsIndirectInputEvents = YES;
				INFOPLIST_KEY_UILaunchScreen_Generation = YES;
				INFOPLIST_KEY_UISupportedInterfaceOrientations_iPad = "UIInterfaceOrientationPortrait UIInterfaceOrientationPortraitUpsideDown UIInterfaceOrientationLandscapeLeft UIInterfaceOrientationLandscapeRight";
				INFOPLIST_KEY_UISupportedInterfaceOrientations_iPhone = "UIInterfaceOrientationPortrait UIInterfaceOrientationLandscapeLeft UIInterfaceOrientationLandscapeRight";
				LD_RUNPATH_SEARCH_PATHS = (
					"$(inherited)",
					"@executable_path/Frameworks",
				);
				MARKETING_VERSION = 1.0;
				PRODUCT_BUNDLE_IDENTIFIER = "ios.EasyCheck-App";
				PRODUCT_NAME = "$(TARGET_NAME)";
				SWIFT_EMIT_LOC_STRINGS = YES;
				SWIFT_VERSION = 5.0;
				TARGETED_DEVICE_FAMILY = "1,2";
			};
			name = Debug;
		};
		181AC5FD2E8CE41E006F60EC /* Release */ = {
			isa = XCBuildConfiguration;
			buildSettings = {
				ASSETCATALOG_COMPILER_APPICON_NAME = AppIcon;
				ASSETCATALOG_COMPILER_GLOBAL_ACCENT_COLOR_NAME = AccentColor;
				CODE_SIGN_STYLE = Automatic;
				CURRENT_PROJECT_VERSION = 1;
				DEVELOPMENT_TEAM = M2X26DUJR5;
				ENABLE_PREVIEWS = YES;
				GENERATE_INFOPLIST_FILE = YES;
				INFOPLIST_FILE = "EasyCheck-App-Info.plist";
				INFOPLIST_KEY_CFBundleDisplayName = "RDA APP";
				INFOPLIST_KEY_LSApplicationCategoryType = "";
				INFOPLIST_KEY_NSFaceIDUsageDescription = "You need to scan using FaceID";
				INFOPLIST_KEY_UIApplicationSceneManifest_Generation = YES;
				INFOPLIST_KEY_UIApplicationSupportsIndirectInputEvents = YES;
				INFOPLIST_KEY_UILaunchScreen_Generation = YES;
				INFOPLIST_KEY_UISupportedInterfaceOrientations_iPad = "UIInterfaceOrientationPortrait UIInterfaceOrientationPortraitUpsideDown UIInterfaceOrientationLandscapeLeft UIInterfaceOrientationLandscapeRight";
				INFOPLIST_KEY_UISupportedInterfaceOrientations_iPhone = "UIInterfaceOrientationPortrait UIInterfaceOrientationLandscapeLeft UIInterfaceOrientationLandscapeRight";
				LD_RUNPATH_SEARCH_PATHS = (
					"$(inherited)",
					"@executable_path/Frameworks",
				);
				MARKETING_VERSION = 1.0;
				PRODUCT_BUNDLE_IDENTIFIER = "ios.EasyCheck-App";
				PRODUCT_NAME = "$(TARGET_NAME)";
				SWIFT_EMIT_LOC_STRINGS = YES;
				SWIFT_VERSION = 5.0;
				TARGETED_DEVICE_FAMILY = "1,2";
			};
			name = Release;
		};
		181AC5FF2E8CE41E006F60EC /* Debug */ = {
			isa = XCBuildConfiguration;
			buildSettings = {
				BUNDLE_LOADER = "$(TEST_HOST)";
				CODE_SIGN_STYLE = Automatic;
				CURRENT_PROJECT_VERSION = 1;
				DEVELOPMENT_TEAM = M2X26DUJR5;
				GENERATE_INFOPLIST_FILE = YES;
				IPHONEOS_DEPLOYMENT_TARGET = 18.5;
				MARKETING_VERSION = 1.0;
				PRODUCT_BUNDLE_IDENTIFIER = "ios.EasyCheck-AppTests";
				PRODUCT_NAME = "$(TARGET_NAME)";
				SWIFT_EMIT_LOC_STRINGS = NO;
				SWIFT_VERSION = 5.0;
				TARGETED_DEVICE_FAMILY = "1,2";
				TEST_HOST = "$(BUILT_PRODUCTS_DIR)/RDA.app/$(BUNDLE_EXECUTABLE_FOLDER_PATH)/RDA";
			};
			name = Debug;
		};
		181AC6002E8CE41E006F60EC /* Release */ = {
			isa = XCBuildConfiguration;
			buildSettings = {
				BUNDLE_LOADER = "$(TEST_HOST)";
				CODE_SIGN_STYLE = Automatic;
				CURRENT_PROJECT_VERSION = 1;
				DEVELOPMENT_TEAM = M2X26DUJR5;
				GENERATE_INFOPLIST_FILE = YES;
				IPHONEOS_DEPLOYMENT_TARGET = 18.5;
				MARKETING_VERSION = 1.0;
				PRODUCT_BUNDLE_IDENTIFIER = "ios.EasyCheck-AppTests";
				PRODUCT_NAME = "$(TARGET_NAME)";
				SWIFT_EMIT_LOC_STRINGS = NO;
				SWIFT_VERSION = 5.0;
				TARGETED_DEVICE_FAMILY = "1,2";
				TEST_HOST = "$(BUILT_PRODUCTS_DIR)/RDA.app/$(BUNDLE_EXECUTABLE_FOLDER_PATH)/RDA";
			};
			name = Release;
		};
		181AC6022E8CE41E006F60EC /* Debug */ = {
			isa = XCBuildConfiguration;
			buildSettings = {
				CODE_SIGN_STYLE = Automatic;
				CURRENT_PROJECT_VERSION = 1;
				DEVELOPMENT_TEAM = M2X26DUJR5;
				GENERATE_INFOPLIST_FILE = YES;
				MARKETING_VERSION = 1.0;
				PRODUCT_BUNDLE_IDENTIFIER = "ios.EasyCheck-AppUITests";
				PRODUCT_NAME = "$(TARGET_NAME)";
				SWIFT_EMIT_LOC_STRINGS = NO;
				SWIFT_VERSION = 5.0;
				TARGETED_DEVICE_FAMILY = "1,2";
				TEST_TARGET_NAME = "EasyCheck App";
			};
			name = Debug;
		};
		181AC6032E8CE41E006F60EC /* Release */ = {
			isa = XCBuildConfiguration;
			buildSettings = {
				CODE_SIGN_STYLE = Automatic;
				CURRENT_PROJECT_VERSION = 1;
				DEVELOPMENT_TEAM = M2X26DUJR5;
				GENERATE_INFOPLIST_FILE = YES;
				MARKETING_VERSION = 1.0;
				PRODUCT_BUNDLE_IDENTIFIER = "ios.EasyCheck-AppUITests";
				PRODUCT_NAME = "$(TARGET_NAME)";
				SWIFT_EMIT_LOC_STRINGS = NO;
				SWIFT_VERSION = 5.0;
				TARGETED_DEVICE_FAMILY = "1,2";
				TEST_TARGET_NAME = "EasyCheck App";
			};
			name = Release;
		};
/* End XCBuildConfiguration section */

/* Begin XCConfigurationList section */
		181AC5D52E8CE41C006F60EC /* Build configuration list for PBXProject "RDA" */ = {
			isa = XCConfigurationList;
			buildConfigurations = (
				181AC5F92E8CE41E006F60EC /* Debug */,
				181AC5FA2E8CE41E006F60EC /* Release */,
			);
			defaultConfigurationIsVisible = 0;
			defaultConfigurationName = Release;
		};
		181AC5FB2E8CE41E006F60EC /* Build configuration list for PBXNativeTarget "RDA" */ = {
			isa = XCConfigurationList;
			buildConfigurations = (
				181AC5FC2E8CE41E006F60EC /* Debug */,
				181AC5FD2E8CE41E006F60EC /* Release */,
			);
			defaultConfigurationIsVisible = 0;
			defaultConfigurationName = Release;
		};
		181AC5FE2E8CE41E006F60EC /* Build configuration list for PBXNativeTarget "RDATests" */ = {
			isa = XCConfigurationList;
			buildConfigurations = (
				181AC5FF2E8CE41E006F60EC /* Debug */,
				181AC6002E8CE41E006F60EC /* Release */,
			);
			defaultConfigurationIsVisible = 0;
			defaultConfigurationName = Release;
		};
		181AC6012E8CE41E006F60EC /* Build configuration list for PBXNativeTarget "RDAUITests" */ = {
			isa = XCConfigurationList;
			buildConfigurations = (
				181AC6022E8CE41E006F60EC /* Debug */,
				181AC6032E8CE41E006F60EC /* Release */,
			);
			defaultConfigurationIsVisible = 0;
			defaultConfigurationName = Release;
		};
/* End XCConfigurationList section */
	};
	rootObject = 181AC5D22E8CE41C006F60EC /* Project object */;
}
